
Microsoft Visual Studio Solution File, Format Version 12.00
# Visual Studio Version 16
VisualStudioVersion = 16.0.31729.503
MinimumVisualStudioVersion = 10.0.40219.1
Project("{9A19103F-16F7-4668-BE54-9A1E7A4F7556}") = "SmartShop.DataApi", "SmartShop.DataApi\SmartShop.DataApi.csproj", "{E696C341-9A3F-4752-AC7B-8668E0CE8634}"
EndProject
Project("{9A19103F-16F7-4668-BE54-9A1E7A4F7556}") = "SmartShop.DataLib", "SmartShop.DataLib\SmartShop.DataLib.csproj", "{5C07316F-A8C2-4079-B338-73C324FCD6AE}"
EndProject
Project("{9A19103F-16F7-4668-BE54-9A1E7A4F7556}") = "SmartShop.Client", "SmartShop.Client\SmartShop.Client.csproj", "{0A35AB35-9DC9-4D9E-9778-19CC21834B3B}"
EndProject
Project("{FAE04EC0-301F-11D3-BF4B-00C04F79EFBC}") = "SmartShop.Web", "SmartShop.Web\SmartShop.Web.csproj", "{CE70B295-D9C0-4F1B-8D16-341EE023A410}"
EndProject
Global
	GlobalSection(SolutionConfigurationPlatforms) = preSolution
		Debug|Any CPU = Debug|Any CPU
		Release|Any CPU = Release|Any CPU
	EndGlobalSection
	GlobalSection(ProjectConfigurationPlatforms) = postSolution
		{E696C341-9A3F-4752-AC7B-8668E0CE8634}.Debug|Any CPU.ActiveCfg = Debug|Any CPU
		{E696C341-9A3F-4752-AC7B-8668E0CE8634}.Debug|Any CPU.Build.0 = Debug|Any CPU
		{E696C341-9A3F-4752-AC7B-8668E0CE8634}.Release|Any CPU.ActiveCfg = Release|Any CPU
		{E696C341-9A3F-4752-AC7B-8668E0CE8634}.Release|Any CPU.Build.0 = Release|Any CPU
		{5C07316F-A8C2-4079-B338-73C324FCD6AE}.Debug|Any CPU.ActiveCfg = Debug|Any CPU
		{5C07316F-A8C2-4079-B338-73C324FCD6AE}.Debug|Any CPU.Build.0 = Debug|Any CPU
		{5C07316F-A8C2-4079-B338-73C324FCD6AE}.Release|Any CPU.ActiveCfg = Release|Any CPU
		{5C07316F-A8C2-4079-B338-73C324FCD6AE}.Release|Any CPU.Build.0 = Release|Any CPU
		{0A35AB35-9DC9-4D9E-9778-19CC21834B3B}.Debug|Any CPU.ActiveCfg = Debug|Any CPU
		{0A35AB35-9DC9-4D9E-9778-19CC21834B3B}.Debug|Any CPU.Build.0 = Debug|Any CPU
		{0A35AB35-9DC9-4D9E-9778-19CC21834B3B}.Release|Any CPU.ActiveCfg = Release|Any CPU
		{0A35AB35-9DC9-4D9E-9778-19CC21834B3B}.Release|Any CPU.Build.0 = Release|Any CPU
		{CE70B295-D9C0-4F1B-8D16-341EE023A410}.Debug|Any CPU.ActiveCfg = Debug|Any CPU
		{CE70B295-D9C0-4F1B-8D16-341EE023A410}.Debug|Any CPU.Build.0 = Debug|Any CPU
		{CE70B295-D9C0-4F1B-8D16-341EE023A410}.Release|Any CPU.ActiveCfg = Release|Any CPU
		{CE70B295-D9C0-4F1B-8D16-341EE023A410}.Release|Any CPU.Build.0 = Release|Any CPU
	EndGlobalSection
	GlobalSection(SolutionProperties) = preSolution
		HideSolutionNode = FALSE
	EndGlobalSection
	GlobalSection(ExtensibilityGlobals) = postSolution
		SolutionGuid = {5EE3E057-9458-4493-B561-A8FFEBAB36FE}
	EndGlobalSection
EndGlobal
